
Microsoft Visual Studio Solution File, Format Version 12.00
# Visual Studio Version 17
VisualStudioVersion = 17.2.32516.85
MinimumVisualStudioVersion = 10.0.40219.1
Project("{FAE04EC0-301F-11D3-BF4B-00C04F79EFBC}") = "CarSummary", "CarSummary\CarSummary.csproj", "{32B47AF7-4B1D-4649-AB8F-4282A692C89A}"
EndProject
Global
	GlobalSection(SolutionConfigurationPlatforms) = preSolution
		Debug|Any CPU = Debug|Any CPU
		Release|Any CPU = Release|Any CPU
	EndGlobalSection
	GlobalSection(ProjectConfigurationPlatforms) = postSolution
		{32B47AF7-4B1D-4649-AB8F-4282A692C89A}.Debug|Any CPU.ActiveCfg = Debug|Any CPU
		{32B47AF7-4B1D-4649-AB8F-4282A692C89A}.Debug|Any CPU.Build.0 = Debug|Any CPU
		{32B47AF7-4B1D-4649-AB8F-4282A692C89A}.Release|Any CPU.ActiveCfg = Release|Any CPU
		{32B47AF7-4B1D-4649-AB8F-4282A692C89A}.Release|Any CPU.Build.0 = Release|Any CPU
	EndGlobalSection
	GlobalSection(SolutionProperties) = preSolution
		HideSolutionNode = FALSE
	EndGlobalSection
	GlobalSection(ExtensibilityGlobals) = postSolution
		SolutionGuid = {18360C9F-0B85-44AC-B175-3052AD843BA9}
	EndGlobalSection
EndGlobal
