
Microsoft Visual Studio Solution File, Format Version 12.00
# Visual Studio Version 17
VisualStudioVersion = 17.2.32516.85
MinimumVisualStudioVersion = 10.0.40219.1
Project("{FAE04EC0-301F-11D3-BF4B-00C04F79EFBC}") = "BeigTicketSales", "BeigTicketSales\BeigTicketSales.csproj", "{EEE7D1AC-AD35-47C6-9A1C-E8EF8BE8E82B}"
EndProject
Global
	GlobalSection(SolutionConfigurationPlatforms) = preSolution
		Debug|Any CPU = Debug|Any CPU
		Release|Any CPU = Release|Any CPU
	EndGlobalSection
	GlobalSection(ProjectConfigurationPlatforms) = postSolution
		{EEE7D1AC-AD35-47C6-9A1C-E8EF8BE8E82B}.Debug|Any CPU.ActiveCfg = Debug|Any CPU
		{EEE7D1AC-AD35-47C6-9A1C-E8EF8BE8E82B}.Debug|Any CPU.Build.0 = Debug|Any CPU
		{EEE7D1AC-AD35-47C6-9A1C-E8EF8BE8E82B}.Release|Any CPU.ActiveCfg = Release|Any CPU
		{EEE7D1AC-AD35-47C6-9A1C-E8EF8BE8E82B}.Release|Any CPU.Build.0 = Release|Any CPU
	EndGlobalSection
	GlobalSection(SolutionProperties) = preSolution
		HideSolutionNode = FALSE
	EndGlobalSection
	GlobalSection(ExtensibilityGlobals) = postSolution
		SolutionGuid = {04CEB9AF-779E-4160-A305-EFFD4B87F629}
	EndGlobalSection
EndGlobal
